{
  "name": "cv",
  "version": "0.1.0",
  "lockfileVersion": 2,
  "requires": true,
  "packages": {
    "": {
      "name": "cv",
      "version": "0.1.0",
      "devDependencies": {
        "builder": "git@github.com:itimoshenko/builder.git#9fba3da7303bb7a05a9d3f5075a3bd9acb3010cb",
        "development-server": "git@github.com:itimoshenko/development-server.git#4e02119025115c7500723266618a1c12cd7c86ae",
        "template-engine": "git@github.com:itimoshenko/template-engine.git#4c336a8e6b4cd6e35e3705fdf5568e74cfab7f61"
      }
    },
    "node_modules/builder": {
      "version": "0.1.0",
      "resolved": "git+ssh://git@github.com/itimoshenko/builder.git#9fba3da7303bb7a05a9d3f5075a3bd9acb3010cb",
      "integrity": "sha512-F4QsTfeACc5QUaJU8YvoMZYyBUYQZQpWqFjwAP0Aq0/d06NWMHhSWbqo2GnajAUQcwdTxOF7uOXt/2s4jo8jDA==",
      "dev": true,
      "bin": {
        "builder": "src/index.js"
      }
    },
    "node_modules/development-server": {
      "version": "0.1.0",
      "resolved": "git+ssh://git@github.com/itimoshenko/development-server.git#4e02119025115c7500723266618a1c12cd7c86ae",
      "integrity": "sha512-d+4QO5PEu7T251ei6EXJJFGsbX9wTay1wPfiONlC0SEmYPype4dzhv6fRM2vJygcYPCEjW8PqWIExP5sauU+EA==",
      "dev": true,
      "bin": {
        "development-server": "src/index.js"
      }
    },
    "node_modules/template-engine": {
      "version": "0.1.0",
      "resolved": "git+ssh://git@github.com/itimoshenko/template-engine.git#4c336a8e6b4cd6e35e3705fdf5568e74cfab7f61",
      "integrity": "sha512-HyzzWAFSm6fZqIoI1T52v7f6BK69B/msUsRPd8lPb1AM0rNmHOX2aNwgm/bTOoyyt5SSvMAOJBbOBuMsvGUXvQ==",
      "dev": true,
      "bin": {
        "template-engine": "src/index.js"
      }
    }
  },
  "dependencies": {
    "builder": {
      "version": "git+ssh://git@github.com/itimoshenko/builder.git#9fba3da7303bb7a05a9d3f5075a3bd9acb3010cb",
      "integrity": "sha512-F4QsTfeACc5QUaJU8YvoMZYyBUYQZQpWqFjwAP0Aq0/d06NWMHhSWbqo2GnajAUQcwdTxOF7uOXt/2s4jo8jDA==",
      "dev": true,
      "from": "builder@git@github.com:itimoshenko/builder.git#9fba3da7303bb7a05a9d3f5075a3bd9acb3010cb"
    },
    "development-server": {
      "version": "git+ssh://git@github.com/itimoshenko/development-server.git#4e02119025115c7500723266618a1c12cd7c86ae",
      "integrity": "sha512-d+4QO5PEu7T251ei6EXJJFGsbX9wTay1wPfiONlC0SEmYPype4dzhv6fRM2vJygcYPCEjW8PqWIExP5sauU+EA==",
      "dev": true,
      "from": "development-server@git@github.com:itimoshenko/development-server.git#4e02119025115c7500723266618a1c12cd7c86ae"
    },
    "template-engine": {
      "version": "git+ssh://git@github.com/itimoshenko/template-engine.git#4c336a8e6b4cd6e35e3705fdf5568e74cfab7f61",
      "integrity": "sha512-HyzzWAFSm6fZqIoI1T52v7f6BK69B/msUsRPd8lPb1AM0rNmHOX2aNwgm/bTOoyyt5SSvMAOJBbOBuMsvGUXvQ==",
      "dev": true,
      "from": "template-engine@git@github.com:itimoshenko/template-engine.git#4c336a8e6b4cd6e35e3705fdf5568e74cfab7f61"
    }
  }
}
