{
  "name": "cv",
  "version": "0.1.0",
  "lockfileVersion": 2,
  "requires": true,
  "packages": {
    "": {
      "name": "cv",
      "version": "0.1.0",
      "license": "ISC",
      "devDependencies": {
        "development-server": "git@github.com:itimoshenko/development-server.git#76e4b1c88a629c41803e499c5f5a80aade56e6ea"
      }
    },
    "node_modules/development-server": {
      "version": "0.1.0",
      "resolved": "git+ssh://git@github.com/itimoshenko/development-server.git#76e4b1c88a629c41803e499c5f5a80aade56e6ea",
      "integrity": "sha512-q5/1noscEyi4zziDkjf7KT3hS4VWPkBrNCrZNJqqrao83zLY+zxNnetHyxLTmfb/2BmdxAFXk16wZ7vNsD/eAA==",
      "dev": true,
      "bin": {
        "development-server": "src/index.js"
      }
    }
  },
  "dependencies": {
    "development-server": {
      "version": "git+ssh://git@github.com/itimoshenko/development-server.git#76e4b1c88a629c41803e499c5f5a80aade56e6ea",
      "integrity": "sha512-q5/1noscEyi4zziDkjf7KT3hS4VWPkBrNCrZNJqqrao83zLY+zxNnetHyxLTmfb/2BmdxAFXk16wZ7vNsD/eAA==",
      "dev": true,
      "from": "development-server@git@github.com:itimoshenko/development-server.git#76e4b1c88a629c41803e499c5f5a80aade56e6ea"
    }
  }
}
